[[package]]
name = "core"
source = "path+from-root-CFD092C323CFF97D"

[[package]]
name = "ownership"
source = "path+from-root-555D3D27A908977B"
dependencies = [
    "src5",
    "std",
]

[[package]]
name = "pyth-contract"
source = "member"
dependencies = [
    "ownership",
    "pyth_interface",
    "src5",
    "std",
    "wormhole_light",
]

[[package]]
name = "pyth_interface"
source = "path+from-root-555D3D27A908977B"
dependencies = ["std"]

[[package]]
name = "src5"
source = "path+from-root-555D3D27A908977B"
dependencies = ["std"]

[[package]]
name = "std"
source = "git+https://github.com/fuellabs/sway?tag=v0.52.1#c1ea517f0522c780ca41120247cde2f450605a3c"
dependencies = ["core"]

[[package]]
name = "wormhole_light"
source = "path+from-root-555D3D27A908977B"
dependencies = [
    "pyth_interface",
    "std",
]
